// !$*UTF8*$!
{
	archiveVersion = 1;
	classes = {
	};
	objectVersion = 56;
	objects = {

/* Begin PBXBuildFile section */
		3333EB002A064AD100282C8D /* CupsCounterView.swift in Sources */ = {isa = PBXBuildFile; fileRef = 3333EAFF2A064AD100282C8D /* CupsCounterView.swift */; };
		3333EB292A0674AF00282C8D /* ARModel.swift in Sources */ = {isa = PBXBuildFile; fileRef = 3333EB282A0674AF00282C8D /* ARModel.swift */; };
		3333EB302A07D34400282C8D /* Motion.swift in Sources */ = {isa = PBXBuildFile; fileRef = 3333EB2F2A07D34400282C8D /* Motion.swift */; };
		3333EB342A07F44900282C8D /* ModelType.swift in Sources */ = {isa = PBXBuildFile; fileRef = 3333EB332A07F44900282C8D /* ModelType.swift */; };
		3333EB372A081DE200282C8D /* Player.swift in Sources */ = {isa = PBXBuildFile; fileRef = 3333EB362A081DE200282C8D /* Player.swift */; };
		3333EB3A2A08209F00282C8D /* cups.mp3 in Resources */ = {isa = PBXBuildFile; fileRef = 3333EB392A08209F00282C8D /* cups.mp3 */; };
		3333EB3C2A0820A800282C8D /* remove.mp3 in Resources */ = {isa = PBXBuildFile; fileRef = 3333EB3B2A0820A800282C8D /* remove.mp3 */; };
		33569DC72A0C054B0064B5C9 /* NetworkManager.swift in Sources */ = {isa = PBXBuildFile; fileRef = 33569DC62A0C054B0064B5C9 /* NetworkManager.swift */; };
		336CFA472A056F920066EEE0 /* AppDelegate.swift in Sources */ = {isa = PBXBuildFile; fileRef = 336CFA462A056F920066EEE0 /* AppDelegate.swift */; };
		336CFA492A056F920066EEE0 /* MoveCubeView.swift in Sources */ = {isa = PBXBuildFile; fileRef = 336CFA482A056F920066EEE0 /* MoveCubeView.swift */; };
		336CFA4D2A056F930066EEE0 /* Assets.xcassets in Resources */ = {isa = PBXBuildFile; fileRef = 336CFA4C2A056F930066EEE0 /* Assets.xcassets */; };
		336CFA502A056F930066EEE0 /* Preview Assets.xcassets in Resources */ = {isa = PBXBuildFile; fileRef = 336CFA4F2A056F930066EEE0 /* Preview Assets.xcassets */; };
		336CFA582A056FF80066EEE0 /* MoveCubeViewModel.swift in Sources */ = {isa = PBXBuildFile; fileRef = 336CFA572A056FF80066EEE0 /* MoveCubeViewModel.swift */; };
		336CFA5C2A062EDC0066EEE0 /* FocusARView.swift in Sources */ = {isa = PBXBuildFile; fileRef = 336CFA5B2A062EDC0066EEE0 /* FocusARView.swift */; };
		336CFA5F2A0630800066EEE0 /* FocusEntity in Frameworks */ = {isa = PBXBuildFile; productRef = 336CFA5E2A0630800066EEE0 /* FocusEntity */; };
		336CFA612A06309C0066EEE0 /* ARViewContainer.swift in Sources */ = {isa = PBXBuildFile; fileRef = 336CFA602A06309C0066EEE0 /* ARViewContainer.swift */; };
		336CFA632A0633EB0066EEE0 /* MovementButtonsView.swift in Sources */ = {isa = PBXBuildFile; fileRef = 336CFA622A0633EB0066EEE0 /* MovementButtonsView.swift */; };
		336CFA662A0635720066EEE0 /* Direction.swift in Sources */ = {isa = PBXBuildFile; fileRef = 336CFA652A0635720066EEE0 /* Direction.swift */; };
		336CFA682A0636190066EEE0 /* MovementButton.swift in Sources */ = {isa = PBXBuildFile; fileRef = 336CFA672A0636190066EEE0 /* MovementButton.swift */; };
/* End PBXBuildFile section */

/* Begin PBXFileReference section */
		3333EAFF2A064AD100282C8D /* CupsCounterView.swift */ = {isa = PBXFileReference; lastKnownFileType = sourcecode.swift; path = CupsCounterView.swift; sourceTree = "<group>"; };
		3333EB272A0672A700282C8D /* MoveCube.entitlements */ = {isa = PBXFileReference; lastKnownFileType = text.plist.entitlements; path = MoveCube.entitlements; sourceTree = "<group>"; };
		3333EB282A0674AF00282C8D /* ARModel.swift */ = {isa = PBXFileReference; lastKnownFileType = sourcecode.swift; path = ARModel.swift; sourceTree = "<group>"; };
		3333EB2F2A07D34400282C8D /* Motion.swift */ = {isa = PBXFileReference; lastKnownFileType = sourcecode.swift; path = Motion.swift; sourceTree = "<group>"; };
		3333EB332A07F44900282C8D /* ModelType.swift */ = {isa = PBXFileReference; lastKnownFileType = sourcecode.swift; path = ModelType.swift; sourceTree = "<group>"; };
		3333EB362A081DE200282C8D /* Player.swift */ = {isa = PBXFileReference; lastKnownFileType = sourcecode.swift; path = Player.swift; sourceTree = "<group>"; };
		3333EB392A08209F00282C8D /* cups.mp3 */ = {isa = PBXFileReference; lastKnownFileType = audio.mp3; path = cups.mp3; sourceTree = "<group>"; };
		3333EB3B2A0820A800282C8D /* remove.mp3 */ = {isa = PBXFileReference; lastKnownFileType = audio.mp3; path = remove.mp3; sourceTree = "<group>"; };
		33569DC62A0C054B0064B5C9 /* NetworkManager.swift */ = {isa = PBXFileReference; lastKnownFileType = sourcecode.swift; path = NetworkManager.swift; sourceTree = "<group>"; };
		336CFA432A056F920066EEE0 /* MoveCube.app */ = {isa = PBXFileReference; explicitFileType = wrapper.application; includeInIndex = 0; path = MoveCube.app; sourceTree = BUILT_PRODUCTS_DIR; };
		336CFA462A056F920066EEE0 /* AppDelegate.swift */ = {isa = PBXFileReference; lastKnownFileType = sourcecode.swift; path = AppDelegate.swift; sourceTree = "<group>"; };
		336CFA482A056F920066EEE0 /* MoveCubeView.swift */ = {isa = PBXFileReference; lastKnownFileType = sourcecode.swift; path = MoveCubeView.swift; sourceTree = "<group>"; };
		336CFA4C2A056F930066EEE0 /* Assets.xcassets */ = {isa = PBXFileReference; lastKnownFileType = folder.assetcatalog; path = Assets.xcassets; sourceTree = "<group>"; };
		336CFA4F2A056F930066EEE0 /* Preview Assets.xcassets */ = {isa = PBXFileReference; lastKnownFileType = folder.assetcatalog; path = "Preview Assets.xcassets"; sourceTree = "<group>"; };
		336CFA572A056FF80066EEE0 /* MoveCubeViewModel.swift */ = {isa = PBXFileReference; lastKnownFileType = sourcecode.swift; path = MoveCubeViewModel.swift; sourceTree = "<group>"; };
		336CFA5B2A062EDC0066EEE0 /* FocusARView.swift */ = {isa = PBXFileReference; lastKnownFileType = sourcecode.swift; path = FocusARView.swift; sourceTree = "<group>"; };
		336CFA602A06309C0066EEE0 /* ARViewContainer.swift */ = {isa = PBXFileReference; lastKnownFileType = sourcecode.swift; path = ARViewContainer.swift; sourceTree = "<group>"; };
		336CFA622A0633EB0066EEE0 /* MovementButtonsView.swift */ = {isa = PBXFileReference; lastKnownFileType = sourcecode.swift; path = MovementButtonsView.swift; sourceTree = "<group>"; };
		336CFA652A0635720066EEE0 /* Direction.swift */ = {isa = PBXFileReference; lastKnownFileType = sourcecode.swift; path = Direction.swift; sourceTree = "<group>"; };
		336CFA672A0636190066EEE0 /* MovementButton.swift */ = {isa = PBXFileReference; lastKnownFileType = sourcecode.swift; path = MovementButton.swift; sourceTree = "<group>"; };
/* End PBXFileReference section */

/* Begin PBXFrameworksBuildPhase section */
		336CFA402A056F920066EEE0 /* Frameworks */ = {
			isa = PBXFrameworksBuildPhase;
			buildActionMask = 2147483647;
			files = (
				336CFA5F2A0630800066EEE0 /* FocusEntity in Frameworks */,
			);
			runOnlyForDeploymentPostprocessing = 0;
		};
/* End PBXFrameworksBuildPhase section */

/* Begin PBXGroup section */
		3333EB352A081DCB00282C8D /* Managers */ = {
			isa = PBXGroup;
			children = (
				3333EB362A081DE200282C8D /* Player.swift */,
				33569DC62A0C054B0064B5C9 /* NetworkManager.swift */,
			);
			path = Managers;
			sourceTree = "<group>";
		};
		3333EB382A08208C00282C8D /* Sounds */ = {
			isa = PBXGroup;
			children = (
				3333EB3B2A0820A800282C8D /* remove.mp3 */,
				3333EB392A08209F00282C8D /* cups.mp3 */,
			);
			path = Sounds;
			sourceTree = "<group>";
		};
		336CFA3A2A056F920066EEE0 = {
			isa = PBXGroup;
			children = (
				336CFA452A056F920066EEE0 /* MoveCube */,
				336CFA442A056F920066EEE0 /* Products */,
			);
			sourceTree = "<group>";
		};
		336CFA442A056F920066EEE0 /* Products */ = {
			isa = PBXGroup;
			children = (
				336CFA432A056F920066EEE0 /* MoveCube.app */,
			);
			name = Products;
			sourceTree = "<group>";
		};
		336CFA452A056F920066EEE0 /* MoveCube */ = {
			isa = PBXGroup;
			children = (
				3333EB272A0672A700282C8D /* MoveCube.entitlements */,
				336CFA462A056F920066EEE0 /* AppDelegate.swift */,
				3333EB352A081DCB00282C8D /* Managers */,
				336CFA562A056FA70066EEE0 /* MoveCube */,
				336CFA5A2A062EC10066EEE0 /* Views */,
				3333EB382A08208C00282C8D /* Sounds */,
				336CFA642A06355E0066EEE0 /* Model */,
				336CFA4C2A056F930066EEE0 /* Assets.xcassets */,
				336CFA4E2A056F930066EEE0 /* Preview Content */,
			);
			path = MoveCube;
			sourceTree = "<group>";
		};
		336CFA4E2A056F930066EEE0 /* Preview Content */ = {
			isa = PBXGroup;
			children = (
				336CFA4F2A056F930066EEE0 /* Preview Assets.xcassets */,
			);
			path = "Preview Content";
			sourceTree = "<group>";
		};
		336CFA562A056FA70066EEE0 /* MoveCube */ = {
			isa = PBXGroup;
			children = (
				336CFA482A056F920066EEE0 /* MoveCubeView.swift */,
				336CFA572A056FF80066EEE0 /* MoveCubeViewModel.swift */,
			);
			path = MoveCube;
			sourceTree = "<group>";
		};
		336CFA5A2A062EC10066EEE0 /* Views */ = {
			isa = PBXGroup;
			children = (
				336CFA5B2A062EDC0066EEE0 /* FocusARView.swift */,
				336CFA602A06309C0066EEE0 /* ARViewContainer.swift */,
				336CFA622A0633EB0066EEE0 /* MovementButtonsView.swift */,
				336CFA672A0636190066EEE0 /* MovementButton.swift */,
				3333EAFF2A064AD100282C8D /* CupsCounterView.swift */,
			);
			path = Views;
			sourceTree = "<group>";
		};
		336CFA642A06355E0066EEE0 /* Model */ = {
			isa = PBXGroup;
			children = (
				336CFA652A0635720066EEE0 /* Direction.swift */,
				3333EB282A0674AF00282C8D /* ARModel.swift */,
				3333EB2F2A07D34400282C8D /* Motion.swift */,
				3333EB332A07F44900282C8D /* ModelType.swift */,
			);
			path = Model;
			sourceTree = "<group>";
		};
/* End PBXGroup section */

/* Begin PBXNativeTarget section */
		336CFA422A056F920066EEE0 /* MoveCube */ = {
			isa = PBXNativeTarget;
			buildConfigurationList = 336CFA532A056F930066EEE0 /* Build configuration list for PBXNativeTarget "MoveCube" */;
			buildPhases = (
				336CFA3F2A056F920066EEE0 /* Sources */,
				336CFA402A056F920066EEE0 /* Frameworks */,
				336CFA412A056F920066EEE0 /* Resources */,
			);
			buildRules = (
			);
			dependencies = (
			);
			name = MoveCube;
			packageProductDependencies = (
				336CFA5E2A0630800066EEE0 /* FocusEntity */,
			);
			productName = MoveCube;
			productReference = 336CFA432A056F920066EEE0 /* MoveCube.app */;
			productType = "com.apple.product-type.application";
		};
/* End PBXNativeTarget section */

/* Begin PBXProject section */
		336CFA3B2A056F920066EEE0 /* Project object */ = {
			isa = PBXProject;
			attributes = {
				BuildIndependentTargetsInParallel = 1;
				LastSwiftUpdateCheck = 1420;
				LastUpgradeCheck = 1420;
				TargetAttributes = {
					336CFA422A056F920066EEE0 = {
						CreatedOnToolsVersion = 14.2;
					};
				};
			};
			buildConfigurationList = 336CFA3E2A056F920066EEE0 /* Build configuration list for PBXProject "MoveCube" */;
			compatibilityVersion = "Xcode 14.0";
			developmentRegion = en;
			hasScannedForEncodings = 0;
			knownRegions = (
				en,
				Base,
			);
			mainGroup = 336CFA3A2A056F920066EEE0;
			packageReferences = (
				336CFA5D2A0630800066EEE0 /* XCRemoteSwiftPackageReference "FocusEntity" */,
			);
			productRefGroup = 336CFA442A056F920066EEE0 /* Products */;
			projectDirPath = "";
			projectRoot = "";
			targets = (
				336CFA422A056F920066EEE0 /* MoveCube */,
			);
		};
/* End PBXProject section */

/* Begin PBXResourcesBuildPhase section */
		336CFA412A056F920066EEE0 /* Resources */ = {
			isa = PBXResourcesBuildPhase;
			buildActionMask = 2147483647;
			files = (
				336CFA502A056F930066EEE0 /* Preview Assets.xcassets in Resources */,
				336CFA4D2A056F930066EEE0 /* Assets.xcassets in Resources */,
				3333EB3C2A0820A800282C8D /* remove.mp3 in Resources */,
				3333EB3A2A08209F00282C8D /* cups.mp3 in Resources */,
			);
			runOnlyForDeploymentPostprocessing = 0;
		};
/* End PBXResourcesBuildPhase section */

/* Begin PBXSourcesBuildPhase section */
		336CFA3F2A056F920066EEE0 /* Sources */ = {
			isa = PBXSourcesBuildPhase;
			buildActionMask = 2147483647;
			files = (
				3333EB302A07D34400282C8D /* Motion.swift in Sources */,
				3333EB342A07F44900282C8D /* ModelType.swift in Sources */,
				336CFA582A056FF80066EEE0 /* MoveCubeViewModel.swift in Sources */,
				33569DC72A0C054B0064B5C9 /* NetworkManager.swift in Sources */,
				336CFA492A056F920066EEE0 /* MoveCubeView.swift in Sources */,
				336CFA682A0636190066EEE0 /* MovementButton.swift in Sources */,
				3333EB372A081DE200282C8D /* Player.swift in Sources */,
				336CFA472A056F920066EEE0 /* AppDelegate.swift in Sources */,
				3333EB292A0674AF00282C8D /* ARModel.swift in Sources */,
				336CFA662A0635720066EEE0 /* Direction.swift in Sources */,
				336CFA5C2A062EDC0066EEE0 /* FocusARView.swift in Sources */,
				336CFA612A06309C0066EEE0 /* ARViewContainer.swift in Sources */,
				3333EB002A064AD100282C8D /* CupsCounterView.swift in Sources */,
				336CFA632A0633EB0066EEE0 /* MovementButtonsView.swift in Sources */,
			);
			runOnlyForDeploymentPostprocessing = 0;
		};
/* End PBXSourcesBuildPhase section */

/* Begin XCBuildConfiguration section */
		336CFA512A056F930066EEE0 /* Debug */ = {
			isa = XCBuildConfiguration;
			buildSettings = {
				ALWAYS_SEARCH_USER_PATHS = NO;
				CLANG_ANALYZER_NONNULL = YES;
				CLANG_ANALYZER_NUMBER_OBJECT_CONVERSION = YES_AGGRESSIVE;
				CLANG_CXX_LANGUAGE_STANDARD = "gnu++20";
				CLANG_ENABLE_MODULES = YES;
				CLANG_ENABLE_OBJC_ARC = YES;
				CLANG_ENABLE_OBJC_WEAK = YES;
				CLANG_WARN_BLOCK_CAPTURE_AUTORELEASING = YES;
				CLANG_WARN_BOOL_CONVERSION = YES;
				CLANG_WARN_COMMA = YES;
				CLANG_WARN_CONSTANT_CONVERSION = YES;
				CLANG_WARN_DEPRECATED_OBJC_IMPLEMENTATIONS = YES;
				CLANG_WARN_DIRECT_OBJC_ISA_USAGE = YES_ERROR;
				CLANG_WARN_DOCUMENTATION_COMMENTS = YES;
				CLANG_WARN_EMPTY_BODY = YES;
				CLANG_WARN_ENUM_CONVERSION = YES;
				CLANG_WARN_INFINITE_RECURSION = YES;
				CLANG_WARN_INT_CONVERSION = YES;
				CLANG_WARN_NON_LITERAL_NULL_CONVERSION = YES;
				CLANG_WARN_OBJC_IMPLICIT_RETAIN_SELF = YES;
				CLANG_WARN_OBJC_LITERAL_CONVERSION = YES;
				CLANG_WARN_OBJC_ROOT_CLASS = YES_ERROR;
				CLANG_WARN_QUOTED_INCLUDE_IN_FRAMEWORK_HEADER = YES;
				CLANG_WARN_RANGE_LOOP_ANALYSIS = YES;
				CLANG_WARN_STRICT_PROTOTYPES = YES;
				CLANG_WARN_SUSPICIOUS_MOVE = YES;
				CLANG_WARN_UNGUARDED_AVAILABILITY = YES_AGGRESSIVE;
				CLANG_WARN_UNREACHABLE_CODE = YES;
				CLANG_WARN__DUPLICATE_METHOD_MATCH = YES;
				COPY_PHASE_STRIP = NO;
				DEBUG_INFORMATION_FORMAT = dwarf;
				ENABLE_STRICT_OBJC_MSGSEND = YES;
				ENABLE_TESTABILITY = YES;
				GCC_C_LANGUAGE_STANDARD = gnu11;
				GCC_DYNAMIC_NO_PIC = NO;
				GCC_NO_COMMON_BLOCKS = YES;
				GCC_OPTIMIZATION_LEVEL = 0;
				GCC_PREPROCESSOR_DEFINITIONS = (
					"DEBUG=1",
					"$(inherited)",
				);
				GCC_WARN_64_TO_32_BIT_CONVERSION = YES;
				GCC_WARN_ABOUT_RETURN_TYPE = YES_ERROR;
				GCC_WARN_UNDECLARED_SELECTOR = YES;
				GCC_WARN_UNINITIALIZED_AUTOS = YES_AGGRESSIVE;
				GCC_WARN_UNUSED_FUNCTION = YES;
				GCC_WARN_UNUSED_VARIABLE = YES;
				IPHONEOS_DEPLOYMENT_TARGET = 16.2;
				MTL_ENABLE_DEBUG_INFO = INCLUDE_SOURCE;
				MTL_FAST_MATH = YES;
				ONLY_ACTIVE_ARCH = YES;
				SDKROOT = iphoneos;
				SWIFT_ACTIVE_COMPILATION_CONDITIONS = DEBUG;
				SWIFT_OPTIMIZATION_LEVEL = "-Onone";
			};
			name = Debug;
		};
		336CFA522A056F930066EEE0 /* Release */ = {
			isa = XCBuildConfiguration;
			buildSettings = {
				ALWAYS_SEARCH_USER_PATHS = NO;
				CLANG_ANALYZER_NONNULL = YES;
				CLANG_ANALYZER_NUMBER_OBJECT_CONVERSION = YES_AGGRESSIVE;
				CLANG_CXX_LANGUAGE_STANDARD = "gnu++20";
				CLANG_ENABLE_MODULES = YES;
				CLANG_ENABLE_OBJC_ARC = YES;
				CLANG_ENABLE_OBJC_WEAK = YES;
				CLANG_WARN_BLOCK_CAPTURE_AUTORELEASING = YES;
				CLANG_WARN_BOOL_CONVERSION = YES;
				CLANG_WARN_COMMA = YES;
				CLANG_WARN_CONSTANT_CONVERSION = YES;
				CLANG_WARN_DEPRECATED_OBJC_IMPLEMENTATIONS = YES;
				CLANG_WARN_DIRECT_OBJC_ISA_USAGE = YES_ERROR;
				CLANG_WARN_DOCUMENTATION_COMMENTS = YES;
				CLANG_WARN_EMPTY_BODY = YES;
				CLANG_WARN_ENUM_CONVERSION = YES;
				CLANG_WARN_INFINITE_RECURSION = YES;
				CLANG_WARN_INT_CONVERSION = YES;
				CLANG_WARN_NON_LITERAL_NULL_CONVERSION = YES;
				CLANG_WARN_OBJC_IMPLICIT_RETAIN_SELF = YES;
				CLANG_WARN_OBJC_LITERAL_CONVERSION = YES;
				CLANG_WARN_OBJC_ROOT_CLASS = YES_ERROR;
				CLANG_WARN_QUOTED_INCLUDE_IN_FRAMEWORK_HEADER = YES;
				CLANG_WARN_RANGE_LOOP_ANALYSIS = YES;
				CLANG_WARN_STRICT_PROTOTYPES = YES;
				CLANG_WARN_SUSPICIOUS_MOVE = YES;
				CLANG_WARN_UNGUARDED_AVAILABILITY = YES_AGGRESSIVE;
				CLANG_WARN_UNREACHABLE_CODE = YES;
				CLANG_WARN__DUPLICATE_METHOD_MATCH = YES;
				COPY_PHASE_STRIP = NO;
				DEBUG_INFORMATION_FORMAT = "dwarf-with-dsym";
				ENABLE_NS_ASSERTIONS = NO;
				ENABLE_STRICT_OBJC_MSGSEND = YES;
				GCC_C_LANGUAGE_STANDARD = gnu11;
				GCC_NO_COMMON_BLOCKS = YES;
				GCC_WARN_64_TO_32_BIT_CONVERSION = YES;
				GCC_WARN_ABOUT_RETURN_TYPE = YES_ERROR;
				GCC_WARN_UNDECLARED_SELECTOR = YES;
				GCC_WARN_UNINITIALIZED_AUTOS = YES_AGGRESSIVE;
				GCC_WARN_UNUSED_FUNCTION = YES;
				GCC_WARN_UNUSED_VARIABLE = YES;
				IPHONEOS_DEPLOYMENT_TARGET = 16.2;
				MTL_ENABLE_DEBUG_INFO = NO;
				MTL_FAST_MATH = YES;
				SDKROOT = iphoneos;
				SWIFT_COMPILATION_MODE = wholemodule;
				SWIFT_OPTIMIZATION_LEVEL = "-O";
				VALIDATE_PRODUCT = YES;
			};
			name = Release;
		};
		336CFA542A056F930066EEE0 /* Debug */ = {
			isa = XCBuildConfiguration;
			buildSettings = {
				ASSETCATALOG_COMPILER_APPICON_NAME = AppIcon;
				ASSETCATALOG_COMPILER_GLOBAL_ACCENT_COLOR_NAME = AccentColor;
				CODE_SIGN_ENTITLEMENTS = MoveCube/MoveCube.entitlements;
				CODE_SIGN_STYLE = Automatic;
				CURRENT_PROJECT_VERSION = 1;
				DEVELOPMENT_ASSET_PATHS = "\"MoveCube/Preview Content\"";
				DEVELOPMENT_TEAM = 67ZSXZ9YX9;
				ENABLE_PREVIEWS = YES;
				GENERATE_INFOPLIST_FILE = YES;
				INFOPLIST_KEY_NSCameraUsageDescription = "";
				INFOPLIST_KEY_UIApplicationSupportsIndirectInputEvents = YES;
				INFOPLIST_KEY_UILaunchScreen_Generation = YES;
				INFOPLIST_KEY_UIRequiredDeviceCapabilities = arkit;
				INFOPLIST_KEY_UIStatusBarHidden = YES;
				INFOPLIST_KEY_UISupportedInterfaceOrientations_iPad = "UIInterfaceOrientationPortrait UIInterfaceOrientationPortraitUpsideDown UIInterfaceOrientationLandscapeLeft UIInterfaceOrientationLandscapeRight";
				INFOPLIST_KEY_UISupportedInterfaceOrientations_iPhone = "UIInterfaceOrientationPortrait UIInterfaceOrientationLandscapeLeft UIInterfaceOrientationLandscapeRight";
				LD_RUNPATH_SEARCH_PATHS = (
					"$(inherited)",
					"@executable_path/Frameworks",
				);
				MARKETING_VERSION = 1.0;
				PRODUCT_BUNDLE_IDENTIFIER = com.elenalucher.MoveCube;
				PRODUCT_NAME = "$(TARGET_NAME)";
				SWIFT_EMIT_LOC_STRINGS = YES;
				SWIFT_VERSION = 5.0;
				TARGETED_DEVICE_FAMILY = "1,2";
			};
			name = Debug;
		};
		336CFA552A056F930066EEE0 /* Release */ = {
			isa = XCBuildConfiguration;
			buildSettings = {
				ASSETCATALOG_COMPILER_APPICON_NAME = AppIcon;
				ASSETCATALOG_COMPILER_GLOBAL_ACCENT_COLOR_NAME = AccentColor;
				CODE_SIGN_ENTITLEMENTS = MoveCube/MoveCube.entitlements;
				CODE_SIGN_STYLE = Automatic;
				CURRENT_PROJECT_VERSION = 1;
				DEVELOPMENT_ASSET_PATHS = "\"MoveCube/Preview Content\"";
				DEVELOPMENT_TEAM = 67ZSXZ9YX9;
				ENABLE_PREVIEWS = YES;
				GENERATE_INFOPLIST_FILE = YES;
				INFOPLIST_KEY_NSCameraUsageDescription = "";
				INFOPLIST_KEY_UIApplicationSupportsIndirectInputEvents = YES;
				INFOPLIST_KEY_UILaunchScreen_Generation = YES;
				INFOPLIST_KEY_UIRequiredDeviceCapabilities = arkit;
				INFOPLIST_KEY_UIStatusBarHidden = YES;
				INFOPLIST_KEY_UISupportedInterfaceOrientations_iPad = "UIInterfaceOrientationPortrait UIInterfaceOrientationPortraitUpsideDown UIInterfaceOrientationLandscapeLeft UIInterfaceOrientationLandscapeRight";
				INFOPLIST_KEY_UISupportedInterfaceOrientations_iPhone = "UIInterfaceOrientationPortrait UIInterfaceOrientationLandscapeLeft UIInterfaceOrientationLandscapeRight";
				LD_RUNPATH_SEARCH_PATHS = (
					"$(inherited)",
					"@executable_path/Frameworks",
				);
				MARKETING_VERSION = 1.0;
				PRODUCT_BUNDLE_IDENTIFIER = com.elenalucher.MoveCube;
				PRODUCT_NAME = "$(TARGET_NAME)";
				SWIFT_EMIT_LOC_STRINGS = YES;
				SWIFT_VERSION = 5.0;
				TARGETED_DEVICE_FAMILY = "1,2";
			};
			name = Release;
		};
/* End XCBuildConfiguration section */

/* Begin XCConfigurationList section */
		336CFA3E2A056F920066EEE0 /* Build configuration list for PBXProject "MoveCube" */ = {
			isa = XCConfigurationList;
			buildConfigurations = (
				336CFA512A056F930066EEE0 /* Debug */,
				336CFA522A056F930066EEE0 /* Release */,
			);
			defaultConfigurationIsVisible = 0;
			defaultConfigurationName = Release;
		};
		336CFA532A056F930066EEE0 /* Build configuration list for PBXNativeTarget "MoveCube" */ = {
			isa = XCConfigurationList;
			buildConfigurations = (
				336CFA542A056F930066EEE0 /* Debug */,
				336CFA552A056F930066EEE0 /* Release */,
			);
			defaultConfigurationIsVisible = 0;
			defaultConfigurationName = Release;
		};
/* End XCConfigurationList section */

/* Begin XCRemoteSwiftPackageReference section */
		336CFA5D2A0630800066EEE0 /* XCRemoteSwiftPackageReference "FocusEntity" */ = {
			isa = XCRemoteSwiftPackageReference;
			repositoryURL = "https://github.com/maxxfrazer/FocusEntity";
			requirement = {
				kind = upToNextMajorVersion;
				minimumVersion = 2.0.0;
			};
		};
/* End XCRemoteSwiftPackageReference section */

/* Begin XCSwiftPackageProductDependency section */
		336CFA5E2A0630800066EEE0 /* FocusEntity */ = {
			isa = XCSwiftPackageProductDependency;
			package = 336CFA5D2A0630800066EEE0 /* XCRemoteSwiftPackageReference "FocusEntity" */;
			productName = FocusEntity;
		};
/* End XCSwiftPackageProductDependency section */
	};
	rootObject = 336CFA3B2A056F920066EEE0 /* Project object */;
}
